// !$*UTF8*$!
{
	archiveVersion = 1;
	classes = {
	};
	objectVersion = 39;
	objects = {
		080E96DDFE201D6D7F000001 = {
			children = (
				E99A95EB074756B100D882B9,
				E9A0E1BF067A43F8000EB2C0,
				E9282E2E06498AE30045C0B1,
				E9E7D2C30674D5D3003788F5,
				E9E7D4F40674D97A003788F5,
				E9E7D4F50674D97A003788F5,
				E9516AA407468FF800F7E63A,
				E9516AA507468FF800F7E63A,
				E9CE2D5D06453BA3006DD78D,
				E9CE2D5C06453BA3006DD78D,
				E9CE2D7506454D55006DD78D,
				E9CE2D7606454D55006DD78D,
				E9CB13C206550267008B9774,
				E9CB13C306550267008B9774,
				E9EECBE60685D4D300C5843E,
				E9EECBE70685D4D300C5843E,
				E943C37906E479EB008399D0,
				E943C37A06E479EB008399D0,
			);
			isa = PBXGroup;
			name = Classes;
			refType = 4;
			sourceTree = "<group>";
		};
		089C165CFE840E0CC02AAC07 = {
			children = (
				089C165DFE840E0CC02AAC07,
			);
			isa = PBXVariantGroup;
			name = InfoPlist.strings;
			refType = 4;
			sourceTree = "<group>";
		};
		089C165DFE840E0CC02AAC07 = {
			fileEncoding = 10;
			isa = PBXFileReference;
			lastKnownFileType = text.plist.strings;
			name = English;
			path = English.lproj/InfoPlist.strings;
			refType = 4;
			sourceTree = "<group>";
		};
//080
//081
//082
//083
//084
//100
//101
//102
//103
//104
		1058C7A0FEA54F0111CA2CBB = {
			children = (
				E9C8AE6106D69B900075AE8B,
				E9C8AE6206D69B900075AE8B,
				E9FA53E00646D8710027A64B,
				E910254C06E4F32500902A10,
				1058C7A1FEA54F0111CA2CBB,
			);
			isa = PBXGroup;
			name = "Linked Frameworks";
			refType = 4;
			sourceTree = "<group>";
		};
		1058C7A1FEA54F0111CA2CBB = {
			isa = PBXFileReference;
			lastKnownFileType = wrapper.framework;
			name = Cocoa.framework;
			path = /System/Library/Frameworks/Cocoa.framework;
			refType = 0;
			sourceTree = "<absolute>";
		};
		1058C7A2FEA54F0111CA2CBB = {
			children = (
				29B97325FDCFA39411CA2CEA,
				29B97324FDCFA39411CA2CEA,
			);
			isa = PBXGroup;
			name = "Other Frameworks";
			refType = 4;
			sourceTree = "<group>";
		};
//100
//101
//102
//103
//104
//190
//191
//192
//193
//194
		19C28FACFE9D520D11CA2CBB = {
			children = (
				8D1107320486CEB800E47090,
			);
			isa = PBXGroup;
			name = Products;
			refType = 4;
			sourceTree = "<group>";
		};
//190
//191
//192
//193
//194
//290
//291
//292
//293
//294
		29B97313FDCFA39411CA2CEA = {
			buildSettings = {
			};
			buildStyles = (
				4A9504CCFFE6A4B311CA0CBA,
				4A9504CDFFE6A4B311CA0CBA,
			);
			hasScannedForEncodings = 1;
			isa = PBXProject;
			mainGroup = 29B97314FDCFA39411CA2CEA;
			projectDirPath = "";
			targets = (
				8D1107260486CEB800E47090,
				E9DD6FDE07479C73005278CB,
			);
		};
		29B97314FDCFA39411CA2CEA = {
			children = (
				080E96DDFE201D6D7F000001,
				29B97315FDCFA39411CA2CEA,
				29B97317FDCFA39411CA2CEA,
				29B97323FDCFA39411CA2CEA,
				19C28FACFE9D520D11CA2CBB,
				E9CB145706552CC0008B9774,
			);
			isa = PBXGroup;
			name = Hesperides;
			path = "";
			refType = 4;
			sourceTree = "<group>";
		};
		29B97315FDCFA39411CA2CEA = {
			children = (
				32CA4F630368D1EE00C91783,
				29B97316FDCFA39411CA2CEA,
			);
			isa = PBXGroup;
			name = "Other Sources";
			path = "";
			refType = 4;
			sourceTree = "<group>";
		};
		29B97316FDCFA39411CA2CEA = {
			fileEncoding = 30;
			isa = PBXFileReference;
			lastKnownFileType = sourcecode.c.objc;
			path = main.m;
			refType = 4;
			sourceTree = "<group>";
		};
		29B97317FDCFA39411CA2CEA = {
			children = (
				E9DD702807479DC7005278CB,
				E9DD702907479DC7005278CB,
				E9DD702A07479DC7005278CB,
				E910270C06E4FDDE00902A10,
				E9EECBE20685B59600C5843E,
				E9282E3306498D3D0045C0B1,
				E9CB13B30654F9E8008B9774,
				E9282F62064998B70045C0B1,
				E9282BFD064912A30045C0B1,
				E9FA55D40647E3330027A64B,
				E9FA53990646BB6B0027A64B,
				E9FA53A10646C9A70027A64B,
				E9283036064A40630045C0B1,
				E9282FE5064A3C1C0045C0B1,
				8D1107310486CEB800E47090,
				089C165CFE840E0CC02AAC07,
				29B97318FDCFA39411CA2CEA,
			);
			isa = PBXGroup;
			name = Resources;
			path = "";
			refType = 4;
			sourceTree = "<group>";
		};
		29B97318FDCFA39411CA2CEA = {
			children = (
				29B97319FDCFA39411CA2CEA,
			);
			isa = PBXVariantGroup;
			name = MainMenu.nib;
			path = "";
			refType = 4;
			sourceTree = "<group>";
		};
		29B97319FDCFA39411CA2CEA = {
			isa = PBXFileReference;
			lastKnownFileType = wrapper.nib;
			name = English;
			path = English.lproj/MainMenu.nib;
			refType = 4;
			sourceTree = "<group>";
		};
		29B97323FDCFA39411CA2CEA = {
			children = (
				1058C7A0FEA54F0111CA2CBB,
				1058C7A2FEA54F0111CA2CBB,
			);
			isa = PBXGroup;
			name = Frameworks;
			path = "";
			refType = 4;
			sourceTree = "<group>";
		};
		29B97324FDCFA39411CA2CEA = {
			isa = PBXFileReference;
			lastKnownFileType = wrapper.framework;
			name = AppKit.framework;
			path = /System/Library/Frameworks/AppKit.framework;
			refType = 0;
			sourceTree = "<absolute>";
		};
		29B97325FDCFA39411CA2CEA = {
			isa = PBXFileReference;
			lastKnownFileType = wrapper.framework;
			name = Foundation.framework;
			path = /System/Library/Frameworks/Foundation.framework;
			refType = 0;
			sourceTree = "<absolute>";
		};
//290
//291
//292
//293
//294
//320
//321
//322
//323
//324
		32CA4F630368D1EE00C91783 = {
			fileEncoding = 4;
			isa = PBXFileReference;
			lastKnownFileType = sourcecode.c.h;
			path = Hesperides_Prefix.pch;
			refType = 4;
			sourceTree = "<group>";
		};
//320
//321
//322
//323
//324
//4A0
//4A1
//4A2
//4A3
//4A4
		4A9504CCFFE6A4B311CA0CBA = {
			buildSettings = {
				COPY_PHASE_STRIP = NO;
				DEBUGGING_SYMBOLS = YES;
				GCC_DYNAMIC_NO_PIC = NO;
				GCC_ENABLE_FIX_AND_CONTINUE = YES;
				GCC_GENERATE_DEBUGGING_SYMBOLS = YES;
				GCC_OPTIMIZATION_LEVEL = 0;
				OPTIMIZATION_CFLAGS = "-O0";
				ZERO_LINK = YES;
			};
			isa = PBXBuildStyle;
			name = Development;
		};
		4A9504CDFFE6A4B311CA0CBA = {
			buildSettings = {
				COPY_PHASE_STRIP = YES;
				GCC_ENABLE_FIX_AND_CONTINUE = NO;
				ZERO_LINK = NO;
			};
			isa = PBXBuildStyle;
			name = Deployment;
		};
//4A0
//4A1
//4A2
//4A3
//4A4
//8D0
//8D1
//8D2
//8D3
//8D4
		8D1107260486CEB800E47090 = {
			buildPhases = (
				8D1107270486CEB800E47090,
				8D1107290486CEB800E47090,
				8D11072C0486CEB800E47090,
				8D11072E0486CEB800E47090,
				E99A06F10646A17F004036FF,
				E910273806E5004E00902A10,
				E9DD704507479E0F005278CB,
			);
			buildRules = (
			);
			buildSettings = {
				FRAMEWORK_SEARCH_PATHS = "/Users/thomas/Documents/Dev/Hesperides /Users/thomas/hesperides/trunk /Users/thomas/Documents/Dev/Hesperides/trunk";
				GCC_ENABLE_TRIGRAPHS = NO;
				GCC_GENERATE_DEBUGGING_SYMBOLS = NO;
				GCC_PRECOMPILE_PREFIX_HEADER = YES;
				GCC_PREFIX_HEADER = Hesperides_Prefix.pch;
				GCC_WARN_ABOUT_MISSING_PROTOTYPES = NO;
				GCC_WARN_FOUR_CHARACTER_CONSTANTS = NO;
				GCC_WARN_UNKNOWN_PRAGMAS = NO;
				HEADER_SEARCH_PATHS = "";
				INFOPLIST_FILE = Info.plist;
				INSTALL_PATH = "$(HOME)/Applications";
				LIBRARY_SEARCH_PATHS = "";
				OTHER_CFLAGS = "";
				OTHER_LDFLAGS = "";
				PRODUCT_NAME = Hesperides;
				SECTORDER_FLAGS = "";
				WARNING_CFLAGS = "-Wmost -Wno-four-char-constants -Wno-unknown-pragmas";
				WRAPPER_EXTENSION = app;
			};
			dependencies = (
				E9DD703707479DEF005278CB,
			);
			isa = PBXNativeTarget;
			name = Hesperides;
			productInstallPath = "$(HOME)/Applications";
			productName = Hesperides;
			productReference = 8D1107320486CEB800E47090;
			productType = "com.apple.product-type.application";
		};
		8D1107270486CEB800E47090 = {
			buildActionMask = 2147483647;
			files = (
				8D1107280486CEB800E47090,
				E9CE2D5F06453BA3006DD78D,
				E9CE2D7706454D55006DD78D,
				E9282E2806498ACB0045C0B1,
				E9282E2906498ACB0045C0B1,
				E9282E2B06498ACB0045C0B1,
				E9CB13BE0654FA78008B9774,
				E9CB13C406550267008B9774,
				E9CB14510655293D008B9774,
				E9E7D1BE0674D28E003788F5,
				E9E7D4F60674D97A003788F5,
				E9A0E1BC067A43F2000EB2C0,
				E9EECBE80685D4D300C5843E,
				E943C37C06E479EB008399D0,
				E9516AA607468FF800F7E63A,
			);
			isa = PBXHeadersBuildPhase;
			runOnlyForDeploymentPostprocessing = 0;
		};
		8D1107280486CEB800E47090 = {
			fileRef = 32CA4F630368D1EE00C91783;
			isa = PBXBuildFile;
			settings = {
			};
		};
		8D1107290486CEB800E47090 = {
			buildActionMask = 2147483647;
			files = (
				8D11072A0486CEB800E47090,
				8D11072B0486CEB800E47090,
				E9FA539A0646BB6B0027A64B,
				E9FA53A20646C9A70027A64B,
				E9FA55D50647E3330027A64B,
				E9282BFE064912A30045C0B1,
				E9282E3406498D3D0045C0B1,
				E9282F63064998B70045C0B1,
				E9282FE6064A3C1C0045C0B1,
				E9283037064A40630045C0B1,
				E9CB13B40654F9E8008B9774,
				E9CB145806552CC0008B9774,
				E9EECBE30685B59600C5843E,
				E99A95EC074756B100D882B9,
				E9DD702C07479DC7005278CB,
				E9DD702D07479DC7005278CB,
			);
			isa = PBXResourcesBuildPhase;
			runOnlyForDeploymentPostprocessing = 0;
		};
		8D11072A0486CEB800E47090 = {
			fileRef = 29B97318FDCFA39411CA2CEA;
			isa = PBXBuildFile;
			settings = {
			};
		};
		8D11072B0486CEB800E47090 = {
			fileRef = 089C165CFE840E0CC02AAC07;
			isa = PBXBuildFile;
			settings = {
			};
		};
		8D11072C0486CEB800E47090 = {
			buildActionMask = 2147483647;
			files = (
				8D11072D0486CEB800E47090,
				E9CE2D5E06453BA3006DD78D,
				E9CE2D7806454D55006DD78D,
				E9282E2A06498ACB0045C0B1,
				E9CB13BF0654FA78008B9774,
				E9CB13C506550267008B9774,
				E9CB14520655293D008B9774,
				E9E7D1BF0674D28E003788F5,
				E9E7D4F70674D97A003788F5,
				E9A0E1BB067A43F2000EB2C0,
				E9EECBE90685D4D300C5843E,
				E943C37B06E479EB008399D0,
				E9516AA707468FF800F7E63A,
			);
			isa = PBXSourcesBuildPhase;
			runOnlyForDeploymentPostprocessing = 0;
		};
		8D11072D0486CEB800E47090 = {
			fileRef = 29B97316FDCFA39411CA2CEA;
			isa = PBXBuildFile;
			settings = {
				ATTRIBUTES = (
				);
			};
		};
		8D11072E0486CEB800E47090 = {
			buildActionMask = 2147483647;
			files = (
				8D11072F0486CEB800E47090,
				E9FA53E10646D8710027A64B,
				E9C8AE6306D69B900075AE8B,
				E9C8AE6406D69B900075AE8B,
				E910254D06E4F32500902A10,
			);
			isa = PBXFrameworksBuildPhase;
			runOnlyForDeploymentPostprocessing = 0;
		};
		8D11072F0486CEB800E47090 = {
			fileRef = 1058C7A1FEA54F0111CA2CBB;
			isa = PBXBuildFile;
			settings = {
			};
		};
		8D1107310486CEB800E47090 = {
			fileEncoding = 4;
			isa = PBXFileReference;
			lastKnownFileType = text.plist;
			path = Info.plist;
			refType = 4;
			sourceTree = "<group>";
		};
		8D1107320486CEB800E47090 = {
			explicitFileType = wrapper.application;
			includeInIndex = 0;
			isa = PBXFileReference;
			path = Hesperides.app;
			refType = 3;
			sourceTree = BUILT_PRODUCTS_DIR;
		};
//8D0
//8D1
//8D2
//8D3
//8D4
//E90
//E91
//E92
//E93
//E94
		E910254C06E4F32500902A10 = {
			isa = PBXFileReference;
			lastKnownFileType = wrapper.framework;
			path = libxml.framework;
			refType = 4;
			sourceTree = "<group>";
		};
		E910254D06E4F32500902A10 = {
			fileRef = E910254C06E4F32500902A10;
			isa = PBXBuildFile;
			settings = {
			};
		};
		E910262206E4F36800902A10 = {
			fileRef = E910254C06E4F32500902A10;
			isa = PBXBuildFile;
			settings = {
			};
		};
		E910270C06E4FDDE00902A10 = {
			children = (
				E910270D06E4FDDE00902A10,
				E910270E06E4FDDE00902A10,
				E910270F06E4FDDE00902A10,
				E910271006E4FDDE00902A10,
				E910271106E4FDDF00902A10,
				E910271206E4FDDF00902A10,
				E910271306E4FDDF00902A10,
				E910271406E4FDDF00902A10,
				E910271506E4FDDF00902A10,
			);
			isa = PBXGroup;
			path = "Hesperides Help";
			refType = 4;
			sourceTree = "<group>";
		};
		E910270D06E4FDDE00902A10 = {
			fileEncoding = 4;
			isa = PBXFileReference;
			lastKnownFileType = text.html;
			name = entries.html;
			path = "Hesperides Help/entries.html";
			refType = 2;
			sourceTree = SOURCE_ROOT;
		};
		E910270E06E4FDDE00902A10 = {
			isa = PBXFileReference;
			lastKnownFileType = file;
			name = "Hesperides Help idx";
			path = "Hesperides Help/Hesperides Help idx";
			refType = 2;
			sourceTree = SOURCE_ROOT;
		};
		E910270F06E4FDDE00902A10 = {
			isa = PBXFileReference;
			lastKnownFileType = image.png;
			name = hesperides.png;
			path = "Hesperides Help/hesperides.png";
			refType = 2;
			sourceTree = SOURCE_ROOT;
		};
		E910271006E4FDDE00902A10 = {
			isa = PBXFileReference;
			lastKnownFileType = image.png;
			name = hesperides16.png;
			path = "Hesperides Help/hesperides16.png";
			refType = 2;
			sourceTree = SOURCE_ROOT;
		};
		E910271106E4FDDF00902A10 = {
			fileEncoding = 4;
			isa = PBXFileReference;
			lastKnownFileType = text;
			name = index.css;
			path = "Hesperides Help/index.css";
			refType = 2;
			sourceTree = SOURCE_ROOT;
		};
		E910271206E4FDDF00902A10 = {
			fileEncoding = 4;
			isa = PBXFileReference;
			lastKnownFileType = text.html;
			name = index.html;
			path = "Hesperides Help/index.html";
			refType = 2;
			sourceTree = SOURCE_ROOT;
		};
		E910271306E4FDDF00902A10 = {
			fileEncoding = 4;
			isa = PBXFileReference;
			lastKnownFileType = text.html;
			name = modes.html;
			path = "Hesperides Help/modes.html";
			refType = 2;
			sourceTree = SOURCE_ROOT;
		};
		E910271406E4FDDF00902A10 = {
			fileEncoding = 4;
			isa = PBXFileReference;
			lastKnownFileType = text.html;
			name = sindarin.html;
			path = "Hesperides Help/sindarin.html";
			refType = 2;
			sourceTree = SOURCE_ROOT;
		};
		E910271506E4FDDF00902A10 = {
			fileEncoding = 4;
			isa = PBXFileReference;
			lastKnownFileType = text.html;
			name = transcription.html;
			path = "Hesperides Help/transcription.html";
			refType = 2;
			sourceTree = SOURCE_ROOT;
		};
		E910273806E5004E00902A10 = {
			buildActionMask = 2147483647;
			dstPath = "Hesperides Help";
			dstSubfolderSpec = 7;
			files = (
				E910273906E5008200902A10,
				E910273A06E5008200902A10,
				E910273B06E5008200902A10,
				E910273C06E5008200902A10,
				E910273D06E5008200902A10,
				E910273E06E5008200902A10,
				E910273F06E5008200902A10,
				E910274006E5008200902A10,
				E910274106E5008200902A10,
			);
			isa = PBXCopyFilesBuildPhase;
			runOnlyForDeploymentPostprocessing = 0;
		};
		E910273906E5008200902A10 = {
			fileRef = E910270D06E4FDDE00902A10;
			isa = PBXBuildFile;
			settings = {
			};
		};
		E910273A06E5008200902A10 = {
			fileRef = E910270E06E4FDDE00902A10;
			isa = PBXBuildFile;
			settings = {
			};
		};
		E910273B06E5008200902A10 = {
			fileRef = E910270F06E4FDDE00902A10;
			isa = PBXBuildFile;
			settings = {
			};
		};
		E910273C06E5008200902A10 = {
			fileRef = E910271006E4FDDE00902A10;
			isa = PBXBuildFile;
			settings = {
			};
		};
		E910273D06E5008200902A10 = {
			fileRef = E910271106E4FDDF00902A10;
			isa = PBXBuildFile;
			settings = {
			};
		};
		E910273E06E5008200902A10 = {
			fileRef = E910271206E4FDDF00902A10;
			isa = PBXBuildFile;
			settings = {
			};
		};
		E910273F06E5008200902A10 = {
			fileRef = E910271306E4FDDF00902A10;
			isa = PBXBuildFile;
			settings = {
			};
		};
		E910274006E5008200902A10 = {
			fileRef = E910271406E4FDDF00902A10;
			isa = PBXBuildFile;
			settings = {
			};
		};
		E910274106E5008200902A10 = {
			fileRef = E910271506E4FDDF00902A10;
			isa = PBXBuildFile;
			settings = {
			};
		};
		E9282BCF06490DCD0045C0B1 = {
			fileEncoding = 4;
			isa = PBXFileReference;
			lastKnownFileType = sourcecode.c.h;
			path = DFSampaConverter.h;
			refType = 4;
			sourceTree = "<group>";
		};
		E9282BD006490DCD0045C0B1 = {
			fileEncoding = 4;
			isa = PBXFileReference;
			lastKnownFileType = sourcecode.c.objc;
			path = DFSampaConverter.m;
			refType = 4;
			sourceTree = "<group>";
		};
		E9282BFD064912A30045C0B1 = {
			fileEncoding = 30;
			isa = PBXFileReference;
			lastKnownFileType = text.xml;
			path = dict8.xml;
			refType = 4;
			sourceTree = "<group>";
		};
		E9282BFE064912A30045C0B1 = {
			fileRef = E9282BFD064912A30045C0B1;
			isa = PBXBuildFile;
			settings = {
			};
		};
		E9282E2406498ACB0045C0B1 = {
			fileEncoding = 30;
			isa = PBXFileReference;
			lastKnownFileType = sourcecode.c.h;
			path = exception.h;
			refType = 4;
			sourceTree = "<group>";
		};
		E9282E2506498ACB0045C0B1 = {
			fileEncoding = 30;
			isa = PBXFileReference;
			lastKnownFileType = sourcecode.c.h;
			path = mylist.h;
			refType = 4;
			sourceTree = "<group>";
		};
		E9282E2606498ACB0045C0B1 = {
			fileEncoding = 30;
			isa = PBXFileReference;
			lastKnownFileType = sourcecode.cpp.cpp;
			path = transcription.cpp;
			refType = 4;
			sourceTree = "<group>";
		};
		E9282E2706498ACB0045C0B1 = {
			fileEncoding = 30;
			isa = PBXFileReference;
			lastKnownFileType = sourcecode.c.h;
			path = transcription.h;
			refType = 4;
			sourceTree = "<group>";
		};
		E9282E2806498ACB0045C0B1 = {
			fileRef = E9282E2406498ACB0045C0B1;
			isa = PBXBuildFile;
			settings = {
			};
		};
		E9282E2906498ACB0045C0B1 = {
			fileRef = E9282E2506498ACB0045C0B1;
			isa = PBXBuildFile;
			settings = {
			};
		};
		E9282E2A06498ACB0045C0B1 = {
			fileRef = E9282E2606498ACB0045C0B1;
			isa = PBXBuildFile;
			settings = {
			};
		};
		E9282E2B06498ACB0045C0B1 = {
			fileRef = E9282E2706498ACB0045C0B1;
			isa = PBXBuildFile;
			settings = {
			};
		};
		E9282E2E06498AE30045C0B1 = {
			children = (
				E9282E2406498ACB0045C0B1,
				E9282E2706498ACB0045C0B1,
				E9282E2506498ACB0045C0B1,
				E9282E2606498ACB0045C0B1,
			);
			isa = PBXGroup;
			name = Narmacil;
			refType = 4;
			sourceTree = "<group>";
		};
		E9282E3306498D3D0045C0B1 = {
			isa = PBXFileReference;
			lastKnownFileType = file;
			path = Sindarin.mod;
			refType = 4;
			sourceTree = "<group>";
		};
		E9282E3406498D3D0045C0B1 = {
			fileRef = E9282E3306498D3D0045C0B1;
			isa = PBXBuildFile;
			settings = {
			};
		};
		E9282F62064998B70045C0B1 = {
			isa = PBXFileReference;
			lastKnownFileType = file;
			path = "Sindarin Classic.mod";
			refType = 4;
			sourceTree = "<group>";
		};
		E9282F63064998B70045C0B1 = {
			fileRef = E9282F62064998B70045C0B1;
			isa = PBXBuildFile;
			settings = {
			};
		};
		E9282FE5064A3C1C0045C0B1 = {
			isa = PBXFileReference;
			lastKnownFileType = file;
			path = TengwarQuenya.ttf;
			refType = 4;
			sourceTree = "<group>";
		};
		E9282FE6064A3C1C0045C0B1 = {
			fileRef = E9282FE5064A3C1C0045C0B1;
			isa = PBXBuildFile;
			settings = {
			};
		};
		E9283036064A40630045C0B1 = {
			isa = PBXFileReference;
			lastKnownFileType = file;
			path = TengwarSindarin.ttf;
			refType = 4;
			sourceTree = "<group>";
		};
		E9283037064A40630045C0B1 = {
			fileRef = E9283036064A40630045C0B1;
			isa = PBXBuildFile;
			settings = {
			};
		};
		E943C37906E479EB008399D0 = {
			fileEncoding = 30;
			isa = PBXFileReference;
			lastKnownFileType = sourcecode.cpp.objcpp;
			path = DFHistoryController.mm;
			refType = 4;
			sourceTree = "<group>";
		};
		E943C37A06E479EB008399D0 = {
			fileEncoding = 30;
			isa = PBXFileReference;
			lastKnownFileType = sourcecode.c.h;
			path = DFHistoryController.h;
			refType = 4;
			sourceTree = "<group>";
		};
		E943C37B06E479EB008399D0 = {
			fileRef = E943C37906E479EB008399D0;
			isa = PBXBuildFile;
			settings = {
			};
		};
		E943C37C06E479EB008399D0 = {
			fileRef = E943C37A06E479EB008399D0;
			isa = PBXBuildFile;
			settings = {
			};
		};
		E9516AA407468FF800F7E63A = {
			fileEncoding = 4;
			isa = PBXFileReference;
			lastKnownFileType = sourcecode.c.h;
			path = DFWord.h;
			refType = 4;
			sourceTree = "<group>";
		};
		E9516AA507468FF800F7E63A = {
			fileEncoding = 4;
			isa = PBXFileReference;
			lastKnownFileType = sourcecode.c.objc;
			path = DFWord.m;
			refType = 4;
			sourceTree = "<group>";
		};
		E9516AA607468FF800F7E63A = {
			fileRef = E9516AA407468FF800F7E63A;
			isa = PBXBuildFile;
			settings = {
			};
		};
		E9516AA707468FF800F7E63A = {
			fileRef = E9516AA507468FF800F7E63A;
			isa = PBXBuildFile;
			settings = {
			};
		};
		E99A06F10646A17F004036FF = {
			buildActionMask = 2147483647;
			dstPath = "";
			dstSubfolderSpec = 10;
			files = (
				E910262206E4F36800902A10,
				E9C8AF1806D69CA90075AE8B,
				E9C8AF1906D69CA90075AE8B,
			);
			isa = PBXCopyFilesBuildPhase;
			runOnlyForDeploymentPostprocessing = 0;
		};
		E99A95EB074756B100D882B9 = {
			fileEncoding = 4;
			isa = PBXFileReference;
			lastKnownFileType = text;
			path = Hesperides.sdef;
			refType = 4;
			sourceTree = "<group>";
		};
		E99A95EC074756B100D882B9 = {
			fileRef = E99A95EB074756B100D882B9;
			isa = PBXBuildFile;
			settings = {
			};
		};
		E9A0E1B9067A43F2000EB2C0 = {
			fileEncoding = 30;
			isa = PBXFileReference;
			lastKnownFileType = sourcecode.cpp.cpp;
			path = sampa.cpp;
			refType = 4;
			sourceTree = "<group>";
		};
		E9A0E1BA067A43F2000EB2C0 = {
			fileEncoding = 30;
			isa = PBXFileReference;
			lastKnownFileType = sourcecode.c.h;
			path = sampa.h;
			refType = 4;
			sourceTree = "<group>";
		};
		E9A0E1BB067A43F2000EB2C0 = {
			fileRef = E9A0E1B9067A43F2000EB2C0;
			isa = PBXBuildFile;
			settings = {
			};
		};
		E9A0E1BC067A43F2000EB2C0 = {
			fileRef = E9A0E1BA067A43F2000EB2C0;
			isa = PBXBuildFile;
			settings = {
			};
		};
		E9A0E1BF067A43F8000EB2C0 = {
			children = (
				E9282BD006490DCD0045C0B1,
				E9282BCF06490DCD0045C0B1,
				E9A0E1B9067A43F2000EB2C0,
				E9A0E1BA067A43F2000EB2C0,
			);
			isa = PBXGroup;
			name = SAMPA;
			refType = 4;
			sourceTree = "<group>";
		};
		E9C8AE6106D69B900075AE8B = {
			isa = PBXFileReference;
			lastKnownFileType = wrapper.framework;
			path = AGRegex.framework;
			refType = 4;
			sourceTree = "<group>";
		};
		E9C8AE6206D69B900075AE8B = {
			isa = PBXFileReference;
			lastKnownFileType = wrapper.framework;
			path = libxslt.framework;
			refType = 4;
			sourceTree = "<group>";
		};
		E9C8AE6306D69B900075AE8B = {
			fileRef = E9C8AE6106D69B900075AE8B;
			isa = PBXBuildFile;
			settings = {
			};
		};
		E9C8AE6406D69B900075AE8B = {
			fileRef = E9C8AE6206D69B900075AE8B;
			isa = PBXBuildFile;
			settings = {
			};
		};
		E9C8AF1806D69CA90075AE8B = {
			fileRef = E9C8AE6106D69B900075AE8B;
			isa = PBXBuildFile;
			settings = {
			};
		};
		E9C8AF1906D69CA90075AE8B = {
			fileRef = E9C8AE6206D69B900075AE8B;
			isa = PBXBuildFile;
			settings = {
			};
		};
		E9CB13B30654F9E8008B9774 = {
			fileEncoding = 4;
			isa = PBXFileReference;
			lastKnownFileType = text;
			path = MacPAD.url;
			refType = 4;
			sourceTree = "<group>";
		};
		E9CB13B40654F9E8008B9774 = {
			fileRef = E9CB13B30654F9E8008B9774;
			isa = PBXBuildFile;
			settings = {
			};
		};
		E9CB13BC0654FA78008B9774 = {
			fileEncoding = 30;
			isa = PBXFileReference;
			lastKnownFileType = sourcecode.c.h;
			path = MacPADSocket.h;
			refType = 4;
			sourceTree = "<group>";
		};
		E9CB13BD0654FA78008B9774 = {
			fileEncoding = 30;
			isa = PBXFileReference;
			lastKnownFileType = sourcecode.c.objc;
			path = MacPADSocket.m;
			refType = 4;
			sourceTree = "<group>";
		};
		E9CB13BE0654FA78008B9774 = {
			fileRef = E9CB13BC0654FA78008B9774;
			isa = PBXBuildFile;
			settings = {
			};
		};
		E9CB13BF0654FA78008B9774 = {
			fileRef = E9CB13BD0654FA78008B9774;
			isa = PBXBuildFile;
			settings = {
			};
		};
		E9CB13C206550267008B9774 = {
			fileEncoding = 4;
			isa = PBXFileReference;
			lastKnownFileType = sourcecode.c.h;
			path = "NSFileManager-DFExtensions.h";
			refType = 4;
			sourceTree = "<group>";
		};
		E9CB13C306550267008B9774 = {
			fileEncoding = 4;
			isa = PBXFileReference;
			lastKnownFileType = sourcecode.c.objc;
			path = "NSFileManager-DFExtensions.m";
			refType = 4;
			sourceTree = "<group>";
		};
		E9CB13C406550267008B9774 = {
			fileRef = E9CB13C206550267008B9774;
			isa = PBXBuildFile;
			settings = {
			};
		};
		E9CB13C506550267008B9774 = {
			fileRef = E9CB13C306550267008B9774;
			isa = PBXBuildFile;
			settings = {
			};
		};
		E9CB144F0655293D008B9774 = {
			fileEncoding = 30;
			isa = PBXFileReference;
			lastKnownFileType = sourcecode.c.h;
			path = DFLexiconDownloader.h;
			refType = 4;
			sourceTree = "<group>";
		};
		E9CB14500655293D008B9774 = {
			fileEncoding = 30;
			isa = PBXFileReference;
			lastKnownFileType = sourcecode.c.objc;
			path = DFLexiconDownloader.m;
			refType = 4;
			sourceTree = "<group>";
		};
		E9CB14510655293D008B9774 = {
			fileRef = E9CB144F0655293D008B9774;
			isa = PBXBuildFile;
			settings = {
			};
		};
		E9CB14520655293D008B9774 = {
			fileRef = E9CB14500655293D008B9774;
			isa = PBXBuildFile;
			settings = {
			};
		};
		E9CB145706552CC0008B9774 = {
			isa = PBXFileReference;
			lastKnownFileType = wrapper.nib;
			path = DFLexiconDownloader.nib;
			refType = 4;
			sourceTree = "<group>";
		};
		E9CB145806552CC0008B9774 = {
			fileRef = E9CB145706552CC0008B9774;
			isa = PBXBuildFile;
			settings = {
			};
		};
		E9CE2D5C06453BA3006DD78D = {
			fileEncoding = 30;
			isa = PBXFileReference;
			lastKnownFileType = sourcecode.cpp.objcpp;
			path = DFController.mm;
			refType = 4;
			sourceTree = "<group>";
		};
		E9CE2D5D06453BA3006DD78D = {
			fileEncoding = 30;
			isa = PBXFileReference;
			lastKnownFileType = sourcecode.c.h;
			path = DFController.h;
			refType = 4;
			sourceTree = "<group>";
		};
		E9CE2D5E06453BA3006DD78D = {
			fileRef = E9CE2D5C06453BA3006DD78D;
			isa = PBXBuildFile;
			settings = {
			};
		};
		E9CE2D5F06453BA3006DD78D = {
			fileRef = E9CE2D5D06453BA3006DD78D;
			isa = PBXBuildFile;
			settings = {
			};
		};
		E9CE2D7506454D55006DD78D = {
			fileEncoding = 30;
			isa = PBXFileReference;
			lastKnownFileType = sourcecode.c.h;
			path = DFArrayController.h;
			refType = 4;
			sourceTree = "<group>";
		};
		E9CE2D7606454D55006DD78D = {
			fileEncoding = 30;
			isa = PBXFileReference;
			lastKnownFileType = sourcecode.c.objc;
			path = DFArrayController.m;
			refType = 4;
			sourceTree = "<group>";
		};
		E9CE2D7706454D55006DD78D = {
			fileRef = E9CE2D7506454D55006DD78D;
			isa = PBXBuildFile;
			settings = {
			};
		};
		E9CE2D7806454D55006DD78D = {
			fileRef = E9CE2D7606454D55006DD78D;
			isa = PBXBuildFile;
			settings = {
			};
		};
		E9DD6FDD07479C73005278CB = {
			buildActionMask = 2147483647;
			files = (
			);
			inputPaths = (
				"${SRCROOT}/Hesperides.sdef",
			);
			isa = PBXShellScriptBuildPhase;
			outputPaths = (
				"${SRCROOT}/Hesperides.scriptSuite",
				"${SRCROOT}/Hesperides.scriptTerminology",
				"${SRCROOT}/Hesperides.r",
			);
			runOnlyForDeploymentPostprocessing = 0;
			shellPath = /bin/sh;
			shellScript = "#!/bin/sh\ncd ${SRCROOT}\nversion=\"-V 10.3\"\n\nsource=\"Hesperides.sdef\"\ninclude=\"-i /Developer/Examples/Script*Definitions/NSCoreSuite.sdef\"\noutput=`/Developer/Tools/sdp -f ast $version $include $source 2>&1`\nif [ ${#output} -gt 0 ] ; then\n    echo $output\n    exit 1\nfi";
		};
		E9DD6FDE07479C73005278CB = {
			buildPhases = (
				E9DD6FDD07479C73005278CB,
			);
			buildSettings = {
				OPTIMIZATION_CFLAGS = "";
				OTHER_CFLAGS = "";
				OTHER_LDFLAGS = "";
				OTHER_REZFLAGS = "";
				PRODUCT_NAME = "Script Definition";
				SECTORDER_FLAGS = "";
				WARNING_CFLAGS = "-Wmost -Wno-four-char-constants -Wno-unknown-pragmas";
			};
			dependencies = (
			);
			isa = PBXAggregateTarget;
			name = "Script Definition";
			productName = "Script Definition";
		};
		E9DD702807479DC7005278CB = {
			fileEncoding = 30;
			isa = PBXFileReference;
			lastKnownFileType = sourcecode.rez;
			path = HesperidesScripting.r;
			refType = 4;
			sourceTree = "<group>";
		};
		E9DD702907479DC7005278CB = {
			fileEncoding = 30;
			isa = PBXFileReference;
			lastKnownFileType = text.xml;
			path = HesperidesSuite.scriptSuite;
			refType = 4;
			sourceTree = "<group>";
		};
		E9DD702A07479DC7005278CB = {
			fileEncoding = 30;
			isa = PBXFileReference;
			lastKnownFileType = text.xml;
			path = HesperidesSuite.scriptTerminology;
			refType = 4;
			sourceTree = "<group>";
		};
		E9DD702C07479DC7005278CB = {
			fileRef = E9DD702907479DC7005278CB;
			isa = PBXBuildFile;
			settings = {
			};
		};
		E9DD702D07479DC7005278CB = {
			fileRef = E9DD702A07479DC7005278CB;
			isa = PBXBuildFile;
			settings = {
			};
		};
		E9DD703607479DEF005278CB = {
			containerPortal = 29B97313FDCFA39411CA2CEA;
			isa = PBXContainerItemProxy;
			proxyType = 1;
			remoteGlobalIDString = E9DD6FDE07479C73005278CB;
			remoteInfo = "Script Definition";
		};
		E9DD703707479DEF005278CB = {
			isa = PBXTargetDependency;
			target = E9DD6FDE07479C73005278CB;
			targetProxy = E9DD703607479DEF005278CB;
		};
		E9DD704507479E0F005278CB = {
			buildActionMask = 2147483647;
			files = (
				E9DD704907479E29005278CB,
			);
			isa = PBXRezBuildPhase;
			runOnlyForDeploymentPostprocessing = 0;
		};
		E9DD704907479E29005278CB = {
			fileRef = E9DD702807479DC7005278CB;
			isa = PBXBuildFile;
			settings = {
			};
		};
		E9E7D1BC0674D28E003788F5 = {
			fileEncoding = 4;
			isa = PBXFileReference;
			lastKnownFileType = sourcecode.c.h;
			path = DFAutoUpdater.h;
			refType = 4;
			sourceTree = "<group>";
		};
		E9E7D1BD0674D28E003788F5 = {
			fileEncoding = 4;
			isa = PBXFileReference;
			lastKnownFileType = sourcecode.cpp.objcpp;
			path = DFAutoUpdater.mm;
			refType = 4;
			sourceTree = "<group>";
		};
		E9E7D1BE0674D28E003788F5 = {
			fileRef = E9E7D1BC0674D28E003788F5;
			isa = PBXBuildFile;
			settings = {
			};
		};
		E9E7D1BF0674D28E003788F5 = {
			fileRef = E9E7D1BD0674D28E003788F5;
			isa = PBXBuildFile;
			settings = {
			};
		};
		E9E7D2C30674D5D3003788F5 = {
			children = (
				E9CB13BC0654FA78008B9774,
				E9CB13BD0654FA78008B9774,
				E9CB144F0655293D008B9774,
				E9CB14500655293D008B9774,
				E9E7D1BC0674D28E003788F5,
				E9E7D1BD0674D28E003788F5,
			);
			isa = PBXGroup;
			name = "Auto-Update";
			refType = 4;
			sourceTree = "<group>";
		};
		E9E7D4F40674D97A003788F5 = {
			fileEncoding = 4;
			isa = PBXFileReference;
			lastKnownFileType = sourcecode.c.h;
			path = DFDictionaryParser.h;
			refType = 4;
			sourceTree = "<group>";
		};
		E9E7D4F50674D97A003788F5 = {
			fileEncoding = 4;
			isa = PBXFileReference;
			lastKnownFileType = sourcecode.c.objc;
			path = DFDictionaryParser.m;
			refType = 4;
			sourceTree = "<group>";
		};
		E9E7D4F60674D97A003788F5 = {
			fileRef = E9E7D4F40674D97A003788F5;
			isa = PBXBuildFile;
			settings = {
			};
		};
		E9E7D4F70674D97A003788F5 = {
			fileRef = E9E7D4F50674D97A003788F5;
			isa = PBXBuildFile;
			settings = {
			};
		};
		E9EECBE20685B59600C5843E = {
			isa = PBXFileReference;
			lastKnownFileType = image.icns;
			path = Hesperides.icns;
			refType = 4;
			sourceTree = "<group>";
		};
		E9EECBE30685B59600C5843E = {
			fileRef = E9EECBE20685B59600C5843E;
			isa = PBXBuildFile;
			settings = {
			};
		};
		E9EECBE60685D4D300C5843E = {
			fileEncoding = 4;
			isa = PBXFileReference;
			lastKnownFileType = sourcecode.c.h;
			path = DFTableView.h;
			refType = 4;
			sourceTree = "<group>";
		};
		E9EECBE70685D4D300C5843E = {
			fileEncoding = 4;
			isa = PBXFileReference;
			lastKnownFileType = sourcecode.c.objc;
			path = DFTableView.m;
			refType = 4;
			sourceTree = "<group>";
		};
		E9EECBE80685D4D300C5843E = {
			fileRef = E9EECBE60685D4D300C5843E;
			isa = PBXBuildFile;
			settings = {
			};
		};
		E9EECBE90685D4D300C5843E = {
			fileRef = E9EECBE70685D4D300C5843E;
			isa = PBXBuildFile;
			settings = {
			};
		};
		E9FA53990646BB6B0027A64B = {
			fileEncoding = 30;
			isa = PBXFileReference;
			lastKnownFileType = text.xml;
			path = entry.xsl;
			refType = 4;
			sourceTree = "<group>";
		};
		E9FA539A0646BB6B0027A64B = {
			fileRef = E9FA53990646BB6B0027A64B;
			isa = PBXBuildFile;
			settings = {
			};
		};
		E9FA53A10646C9A70027A64B = {
			fileEncoding = 30;
			isa = PBXFileReference;
			lastKnownFileType = text.xml;
			path = xmldict.dtd;
			refType = 4;
			sourceTree = "<group>";
		};
		E9FA53A20646C9A70027A64B = {
			fileRef = E9FA53A10646C9A70027A64B;
			isa = PBXBuildFile;
			settings = {
			};
		};
		E9FA53E00646D8710027A64B = {
			isa = PBXFileReference;
			lastKnownFileType = wrapper.framework;
			name = WebKit.framework;
			path = /System/Library/Frameworks/WebKit.framework;
			refType = 0;
			sourceTree = "<absolute>";
		};
		E9FA53E10646D8710027A64B = {
			fileRef = E9FA53E00646D8710027A64B;
			isa = PBXBuildFile;
			settings = {
			};
		};
		E9FA55D40647E3330027A64B = {
			isa = PBXFileReference;
			lastKnownFileType = wrapper.rtfd;
			path = Credits.rtfd;
			refType = 4;
			sourceTree = "<group>";
		};
		E9FA55D50647E3330027A64B = {
			fileRef = E9FA55D40647E3330027A64B;
			isa = PBXBuildFile;
			settings = {
			};
		};
	};
	rootObject = 29B97313FDCFA39411CA2CEA;
}
